{
  "nodes": {
    "Load_cmp-buffer": {
      "flake": false,
      "locked": {
        "lastModified": 1660101488,
        "narHash": "sha256-dG4U7MtnXThoa/PD+qFtCt76MQ14V1wX8GMYcvxEnbM=",
        "owner": "hrsh7th",
        "repo": "cmp-buffer",
        "rev": "3022dbc9166796b644a841a02de8dd1cc1d311fa",
        "type": "github"
      },
      "original": {
        "owner": "hrsh7th",
        "repo": "cmp-buffer",
        "type": "github"
      }
    },
    "Load_cmp-cmdline": {
      "flake": false,
      "locked": {
        "lastModified": 1686243464,
        "narHash": "sha256-W8v/XhPjbvKSwCrfOAPihO2N9PEVnH5Cp/Fa25lNRw4=",
        "owner": "hrsh7th",
        "repo": "cmp-cmdline",
        "rev": "8ee981b4a91f536f52add291594e89fb6645e451",
        "type": "github"
      },
      "original": {
        "owner": "hrsh7th",
        "repo": "cmp-cmdline",
        "type": "github"
      }
    },
    "Load_cmp-nvim-lsp": {
      "flake": false,
      "locked": {
        "lastModified": 1702205473,
        "narHash": "sha256-/0sh9vJBD9pUuD7q3tNSQ1YLvxFMNykdg5eG+LjZAA8=",
        "owner": "hrsh7th",
        "repo": "cmp-nvim-lsp",
        "rev": "5af77f54de1b16c34b23cba810150689a3a90312",
        "type": "github"
      },
      "original": {
        "owner": "hrsh7th",
        "repo": "cmp-nvim-lsp",
        "type": "github"
      }
    },
    "Load_cmp-nvim-lua": {
      "flake": false,
      "locked": {
        "lastModified": 1681458603,
        "narHash": "sha256-6eXOK1mVK06TN1akhN42Bo4wQpeen3rk3b/m7iVmGKM=",
        "owner": "hrsh7th",
        "repo": "cmp-nvim-lua",
        "rev": "f12408bdb54c39c23e67cab726264c10db33ada8",
        "type": "github"
      },
      "original": {
        "owner": "hrsh7th",
        "repo": "cmp-nvim-lua",
        "type": "github"
      }
    },
    "Load_cmp-path": {
      "flake": false,
      "locked": {
        "lastModified": 1664784283,
        "narHash": "sha256-thppiiV3wjIaZnAXmsh7j3DUc6ceSCvGzviwFUnoPaI=",
        "owner": "hrsh7th",
        "repo": "cmp-path",
        "rev": "91ff86cd9c29299a64f968ebb45846c485725f23",
        "type": "github"
      },
      "original": {
        "owner": "hrsh7th",
        "repo": "cmp-path",
        "type": "github"
      }
    },
    "Load_cmp_luasnip": {
      "flake": false,
      "locked": {
        "lastModified": 1696878902,
        "narHash": "sha256-nUJJl2zyK/oSwz5RzI9j3gf9zpDfCImCYbPbVsyXgz8=",
        "owner": "saadparwaiz1",
        "repo": "cmp_luasnip",
        "rev": "05a9ab28b53f71d1aece421ef32fee2cb857a843",
        "type": "github"
      },
      "original": {
        "owner": "saadparwaiz1",
        "repo": "cmp_luasnip",
        "type": "github"
      }
    },
    "Load_comment": {
      "flake": false,
      "locked": {
        "lastModified": 1691409559,
        "narHash": "sha256-+dF1ZombrlO6nQggufSb0igXW5zwU++o0W/5ZA07cdc=",
        "owner": "numToStr",
        "repo": "Comment.nvim",
        "rev": "0236521ea582747b58869cb72f70ccfa967d2e89",
        "type": "github"
      },
      "original": {
        "owner": "numToStr",
        "repo": "Comment.nvim",
        "type": "github"
      }
    },
    "Load_dashboard-nvim": {
      "flake": false,
      "locked": {
        "lastModified": 1699578883,
        "narHash": "sha256-LNjYIRL5xZyLgFkoTu3K5USOfk1mtaXe5RhKBAbzYRw=",
        "owner": "nvimdev",
        "repo": "dashboard-nvim",
        "rev": "63df28409d940f9cac0a925df09d3dc369db9841",
        "type": "github"
      },
      "original": {
        "owner": "nvimdev",
        "repo": "dashboard-nvim",
        "type": "github"
      }
    },
    "Load_fidget": {
      "flake": false,
      "locked": {
        "lastModified": 1702155792,
        "narHash": "sha256-bqbMKptpK3SGjKMO1fPongkUAkEXTL8eWPot4LGolJY=",
        "owner": "j-hui",
        "repo": "fidget.nvim",
        "rev": "7dc62b9ce32ac0f21cfb510f243644ce28a39299",
        "type": "github"
      },
      "original": {
        "owner": "j-hui",
        "repo": "fidget.nvim",
        "type": "github"
      }
    },
    "Load_friendly-snippets": {
      "flake": false,
      "locked": {
        "lastModified": 1701065358,
        "narHash": "sha256-6a1JMW+iZjqopnzFhC7vMamnW2iWhMHqi1Xs45d+7x8=",
        "owner": "rafamadriz",
        "repo": "friendly-snippets",
        "rev": "53d3df271d031c405255e99410628c26a8f0d2b0",
        "type": "github"
      },
      "original": {
        "owner": "rafamadriz",
        "repo": "friendly-snippets",
        "type": "github"
      }
    },
    "Load_git-worktree": {
      "flake": false,
      "locked": {
        "lastModified": 1699392961,
        "narHash": "sha256-+RBoa1NS/W6XMhaIg3/Qw38VnL2imTQZ6bR88bZzV1c=",
        "owner": "ThePrimeagen",
        "repo": "git-worktree.nvim",
        "rev": "f247308e68dab9f1133759b05d944569ad054546",
        "type": "github"
      },
      "original": {
        "owner": "ThePrimeagen",
        "repo": "git-worktree.nvim",
        "type": "github"
      }
    },
    "Load_gitsigns": {
      "flake": false,
      "locked": {
        "lastModified": 1702247334,
        "narHash": "sha256-kjcIXNnlrR7VLqnOi6u0zx+9oXKmW+r//+e4nOBiR3I=",
        "owner": "lewis6991",
        "repo": "gitsigns.nvim",
        "rev": "6e05045fb1a4845fe44f5c54aafe024444c422ba",
        "type": "github"
      },
      "original": {
        "owner": "lewis6991",
        "repo": "gitsigns.nvim",
        "type": "github"
      }
    },
    "Load_harpoon-nvim": {
      "flake": false,
      "locked": {
        "lastModified": 1702262518,
        "narHash": "sha256-UAd+YMZoW/U8H5e+KarBY0kPeXOGx1wwbG7eoVG4zO0=",
        "owner": "ThePrimeagen",
        "repo": "harpoon",
        "rev": "bb806acff3ceaec3b94bd3c92bc52945040004bf",
        "type": "github"
      },
      "original": {
        "owner": "ThePrimeagen",
        "ref": "harpoon2",
        "repo": "harpoon",
        "type": "github"
      }
    },
    "Load_kmonad-vim": {
      "flake": false,
      "locked": {
        "lastModified": 1647812451,
        "narHash": "sha256-7PKVOsb3jvuGEnP/LsrDr96wFSQMou2dgnV+hRaI444=",
        "owner": "kmonad",
        "repo": "kmonad-vim",
        "rev": "37978445197ab00edeb5b731e9ca90c2b141723f",
        "type": "github"
      },
      "original": {
        "owner": "kmonad",
        "repo": "kmonad-vim",
        "type": "github"
      }
    },
    "Load_lualine": {
      "flake": false,
      "locked": {
        "lastModified": 1697772980,
        "narHash": "sha256-jV+6mV0dyuhiHGei1UqE2r2GoiKJLtdZI2AMNexbi7E=",
        "owner": "nvim-lualine",
        "repo": "lualine.nvim",
        "rev": "2248ef254d0a1488a72041cfb45ca9caada6d994",
        "type": "github"
      },
      "original": {
        "owner": "nvim-lualine",
        "repo": "lualine.nvim",
        "type": "github"
      }
    },
    "Load_luasnip": {
      "flake": false,
      "locked": {
        "lastModified": 1701794123,
        "narHash": "sha256-drF5AYG0hBUUbdFT1imX65p40x+I2vRklTj75yM+uk4=",
        "owner": "L3MON4D3",
        "repo": "LuaSnip",
        "rev": "954c81b53989097faaff0fabc11c29575288c3e1",
        "type": "github"
      },
      "original": {
        "owner": "L3MON4D3",
        "repo": "LuaSnip",
        "type": "github"
      }
    },
    "Load_neodev": {
      "flake": false,
      "locked": {
        "lastModified": 1701929150,
        "narHash": "sha256-lAeqFZjkafySZmN3vBa6H1XSEUc28UTQ72ilCkghH6M=",
        "owner": "folke",
        "repo": "neodev.nvim",
        "rev": "c4ce017bd4bacf60bf59330cec9e93c5d5e104a6",
        "type": "github"
      },
      "original": {
        "owner": "folke",
        "repo": "neodev.nvim",
        "type": "github"
      }
    },
    "Load_neorg": {
      "flake": false,
      "locked": {
        "lastModified": 1702049595,
        "narHash": "sha256-kQkq+J9sp0VlLwtlJhmjLbvukmxFBXoaCMvr0DSNBJo=",
        "owner": "nvim-neorg",
        "repo": "neorg",
        "rev": "baaf13a3145534144b795ad37db22bfffd2ad343",
        "type": "github"
      },
      "original": {
        "owner": "nvim-neorg",
        "repo": "neorg",
        "type": "github"
      }
    },
    "Load_neorg-telescope": {
      "flake": false,
      "locked": {
        "lastModified": 1699802939,
        "narHash": "sha256-pgM6uEZGjC4jaqcdQwxhsgUNE/sRqJ++nX+WEvkmphY=",
        "owner": "nvim-neorg",
        "repo": "neorg-telescope",
        "rev": "6a7a677c40fa3c348924a4e2a06a513e0b34c056",
        "type": "github"
      },
      "original": {
        "owner": "nvim-neorg",
        "repo": "neorg-telescope",
        "type": "github"
      }
    },
    "Load_neotest": {
      "flake": false,
      "locked": {
        "lastModified": 1702236552,
        "narHash": "sha256-hwQ6WCQ5FWiY3Fk9LHPC3hqAfEw2j+tIvqBa0z+yZ/Y=",
        "owner": "nvim-neotest",
        "repo": "neotest",
        "rev": "8782d83869c64700fa419bd5278f4f62c80a2c1a",
        "type": "github"
      },
      "original": {
        "owner": "nvim-neotest",
        "repo": "neotest",
        "type": "github"
      }
    },
    "Load_neotest-jest": {
      "flake": false,
      "locked": {
        "lastModified": 1699913866,
        "narHash": "sha256-dglz/ctLHCp2HfN8zFT/XNllb1VrEgGQ7dgOL50EgPw=",
        "owner": "nvim-neotest",
        "repo": "neotest-jest",
        "rev": "d8b00a91e440474da20a8e9acdb0d72051078b8b",
        "type": "github"
      },
      "original": {
        "owner": "nvim-neotest",
        "repo": "neotest-jest",
        "type": "github"
      }
    },
    "Load_nvim-cmp": {
      "flake": false,
      "locked": {
        "lastModified": 1702208222,
        "narHash": "sha256-Sxez0BKDuAubH5AYUKwDRSdjmY8wI7ph2h/xSn3e4lA=",
        "owner": "hrsh7th",
        "repo": "nvim-cmp",
        "rev": "41d7633e4146dce1072de32cea31ee31b056a131",
        "type": "github"
      },
      "original": {
        "owner": "hrsh7th",
        "repo": "nvim-cmp",
        "type": "github"
      }
    },
    "Load_nvim-colorizer-lua": {
      "flake": false,
      "locked": {
        "lastModified": 1677493908,
        "narHash": "sha256-hShQabr+UafsP+yicWkHycWLTbPhOpRpoa9oTMMVZ9o=",
        "owner": "nvchad",
        "repo": "nvim-colorizer.lua",
        "rev": "dde3084106a70b9a79d48f426f6d6fec6fd203f7",
        "type": "github"
      },
      "original": {
        "owner": "nvchad",
        "repo": "nvim-colorizer.lua",
        "type": "github"
      }
    },
    "Load_nvim-lint": {
      "flake": false,
      "locked": {
        "lastModified": 1702033698,
        "narHash": "sha256-ujdZ8B4VSTR6spPhEQ1tLsM1pIhVH0qq2P06NIpMk0o=",
        "owner": "mfussenegger",
        "repo": "nvim-lint",
        "rev": "849ccb610de3f6ce1a239ea1e68568ef1a53d5df",
        "type": "github"
      },
      "original": {
        "owner": "mfussenegger",
        "repo": "nvim-lint",
        "type": "github"
      }
    },
    "Load_nvim-lspconfig": {
      "flake": false,
      "locked": {
        "lastModified": 1702174514,
        "narHash": "sha256-0oCG1U6fbsql9B3qieTywixT6PJzxj+niMaskCTy0sk=",
        "owner": "neovim",
        "repo": "nvim-lspconfig",
        "rev": "bd405e45c5fb122c16af8f87fa2dd7ab1981b243",
        "type": "github"
      },
      "original": {
        "owner": "neovim",
        "repo": "nvim-lspconfig",
        "type": "github"
      }
    },
    "Load_nvim-tree-lua": {
      "flake": false,
      "locked": {
        "lastModified": 1702254972,
        "narHash": "sha256-duBskC/cSaeqGRe/n0ndRuC+y8oZ0oRYNj3Fm3DcgVg=",
        "owner": "nvim-tree",
        "repo": "nvim-tree.lua",
        "rev": "141c0f97c35f274031294267808ada59bb5fb08e",
        "type": "github"
      },
      "original": {
        "owner": "nvim-tree",
        "repo": "nvim-tree.lua",
        "type": "github"
      }
    },
    "Load_nvim-treesitter-textobjects": {
      "flake": false,
      "locked": {
        "lastModified": 1701407849,
        "narHash": "sha256-tu/+yVIgetOYSGg2A+vFgBxh99ndcILVESgyNGHkrs0=",
        "owner": "nvim-treesitter",
        "repo": "nvim-treesitter-textobjects",
        "rev": "ec1c5bdb3d87ac971749fa6c7dbc2b14884f1f6a",
        "type": "github"
      },
      "original": {
        "owner": "nvim-treesitter",
        "repo": "nvim-treesitter-textobjects",
        "type": "github"
      }
    },
    "Load_nvim-web-devicon": {
      "flake": false,
      "locked": {
        "lastModified": 1702078936,
        "narHash": "sha256-1Dfc8xbdI6rnUcYH2iqwzD4ZbpD42iZsRHa4cDKF+2g=",
        "owner": "nvim-tree",
        "repo": "nvim-web-devicons",
        "rev": "8b2e5ef9eb8a717221bd96cb8422686d65a09ed5",
        "type": "github"
      },
      "original": {
        "owner": "nvim-tree",
        "repo": "nvim-web-devicons",
        "type": "github"
      }
    },
    "Load_plenary": {
      "flake": false,
      "locked": {
        "lastModified": 1701343040,
        "narHash": "sha256-f8YVaXMG0ZyW6iotAgnftaYULnL69UPolRad6RTG27g=",
        "owner": "nvim-lua",
        "repo": "plenary.nvim",
        "rev": "55d9fe89e33efd26f532ef20223e5f9430c8b0c0",
        "type": "github"
      },
      "original": {
        "owner": "nvim-lua",
        "repo": "plenary.nvim",
        "type": "github"
      }
    },
    "Load_refactoring": {
      "flake": false,
      "locked": {
        "lastModified": 1699460078,
        "narHash": "sha256-yPl7xGnai5WXZiJU8F6OIOGppRABlonQOV9Lsb7zrw8=",
        "owner": "theprimeagen",
        "repo": "refactoring.nvim",
        "rev": "156532476deb10b1b2a32cb38e1078b3f9951c42",
        "type": "github"
      },
      "original": {
        "owner": "theprimeagen",
        "repo": "refactoring.nvim",
        "type": "github"
      }
    },
    "Load_telescope": {
      "flake": false,
      "locked": {
        "lastModified": 1701834638,
        "narHash": "sha256-Zhx4Sy857CCVuK1qSlTEdZ+0blxheB6+CNnPFS7Cixw=",
        "owner": "nvim-telescope",
        "repo": "telescope.nvim",
        "rev": "6213322ab56eb27356fdc09a5078e41e3ea7f3bc",
        "type": "github"
      },
      "original": {
        "owner": "nvim-telescope",
        "repo": "telescope.nvim",
        "type": "github"
      }
    },
    "Load_tokyonight": {
      "flake": false,
      "locked": {
        "lastModified": 1698229236,
        "narHash": "sha256-axjZVZOI+WIv85FfMG+lxftDKlDIw/HzQKyJVFkL33M=",
        "owner": "folke",
        "repo": "tokyonight.nvim",
        "rev": "f247ee700b569ed43f39320413a13ba9b0aef0db",
        "type": "github"
      },
      "original": {
        "owner": "folke",
        "repo": "tokyonight.nvim",
        "type": "github"
      }
    },
    "Load_transparent-nvim": {
      "flake": false,
      "locked": {
        "lastModified": 1699805216,
        "narHash": "sha256-wT+7rmp08r0XYGp+MhjJX8dsFTar8+nf10CV9OdkOSk=",
        "owner": "xiyaowong",
        "repo": "transparent.nvim",
        "rev": "fd35a46f4b7c1b244249266bdcb2da3814f01724",
        "type": "github"
      },
      "original": {
        "owner": "xiyaowong",
        "repo": "transparent.nvim",
        "type": "github"
      }
    },
    "Load_undotree": {
      "flake": false,
      "locked": {
        "lastModified": 1699769123,
        "narHash": "sha256-LwV4Hrp1RrwgkjJZmU8VLi6Cv7gj4biyu+Dn+R4qX+Y=",
        "owner": "mbbill",
        "repo": "undotree",
        "rev": "36ff7abb6b60980338344982ad4cdf03f7961ecd",
        "type": "github"
      },
      "original": {
        "owner": "mbbill",
        "repo": "undotree",
        "type": "github"
      }
    },
    "Load_vim-be-good": {
      "flake": false,
      "locked": {
        "lastModified": 1667916364,
        "narHash": "sha256-lJNY/5dONZLkxSEegrwtZ6PHYsgMD3nZkbxm6fFq3vY=",
        "owner": "ThePrimeagen",
        "repo": "vim-be-good",
        "rev": "c290810728a4f75e334b07dc0f3a4cdea908d351",
        "type": "github"
      },
      "original": {
        "owner": "ThePrimeagen",
        "repo": "vim-be-good",
        "type": "github"
      }
    },
    "Load_vim-fugitive": {
      "flake": false,
      "locked": {
        "lastModified": 1698598804,
        "narHash": "sha256-b6x8suCHRMYzqu/PGlt5FPg+7/CilkjWzlkBZ3i3H/c=",
        "owner": "tpope",
        "repo": "vim-fugitive",
        "rev": "46eaf8918b347906789df296143117774e827616",
        "type": "github"
      },
      "original": {
        "owner": "tpope",
        "repo": "vim-fugitive",
        "type": "github"
      }
    },
    "Load_vim-rhubarb": {
      "flake": false,
      "locked": {
        "lastModified": 1680085333,
        "narHash": "sha256-8zeQMLzNBWmXZ5daCOmsHkw6MIwWislArYF5zDdrwOg=",
        "owner": "tpope",
        "repo": "vim-rhubarb",
        "rev": "ee69335de176d9325267b0fd2597a22901d927b1",
        "type": "github"
      },
      "original": {
        "owner": "tpope",
        "repo": "vim-rhubarb",
        "type": "github"
      }
    },
    "Load_vim-sleuth": {
      "flake": false,
      "locked": {
        "lastModified": 1673378030,
        "narHash": "sha256-ClltfSVuoNoq5EiWRVBsGz1mrr7FbafGDdgsavLgFVE=",
        "owner": "tpope",
        "repo": "vim-sleuth",
        "rev": "1cc4557420f215d02c4d2645a748a816c220e99b",
        "type": "github"
      },
      "original": {
        "owner": "tpope",
        "repo": "vim-sleuth",
        "type": "github"
      }
    },
    "Load_which-key": {
      "flake": false,
      "locked": {
        "lastModified": 1697801635,
        "narHash": "sha256-uvghPj/teWrRMm09Gh8iQ/LV2nYJw0lmoiZK6L4+1cY=",
        "owner": "folke",
        "repo": "which-key.nvim",
        "rev": "4433e5ec9a507e5097571ed55c02ea9658fb268a",
        "type": "github"
      },
      "original": {
        "owner": "folke",
        "repo": "which-key.nvim",
        "type": "github"
      }
    },
    "flake-utils": {
      "inputs": {
        "systems": "systems"
      },
      "locked": {
        "lastModified": 1701680307,
        "narHash": "sha256-kAuep2h5ajznlPMD9rnQyffWG8EM/C73lejGofXvdM8=",
        "owner": "numtide",
        "repo": "flake-utils",
        "rev": "4022d587cbbfd70fe950c1e2083a02621806a725",
        "type": "github"
      },
      "original": {
        "owner": "numtide",
        "repo": "flake-utils",
        "type": "github"
      }
    },
    "nixpkgs": {
      "locked": {
        "lastModified": 1702151865,
        "narHash": "sha256-9VAt19t6yQa7pHZLDbil/QctAgVsA66DLnzdRGqDisg=",
        "owner": "nixos",
        "repo": "nixpkgs",
        "rev": "666fc80e7b2afb570462423cb0e1cf1a3a34fedd",
        "type": "github"
      },
      "original": {
        "owner": "nixos",
        "ref": "nixos-unstable",
        "repo": "nixpkgs",
        "type": "github"
      }
    },
    "root": {
      "inputs": {
        "Load_cmp-buffer": "Load_cmp-buffer",
        "Load_cmp-cmdline": "Load_cmp-cmdline",
        "Load_cmp-nvim-lsp": "Load_cmp-nvim-lsp",
        "Load_cmp-nvim-lua": "Load_cmp-nvim-lua",
        "Load_cmp-path": "Load_cmp-path",
        "Load_cmp_luasnip": "Load_cmp_luasnip",
        "Load_comment": "Load_comment",
        "Load_dashboard-nvim": "Load_dashboard-nvim",
        "Load_fidget": "Load_fidget",
        "Load_friendly-snippets": "Load_friendly-snippets",
        "Load_git-worktree": "Load_git-worktree",
        "Load_gitsigns": "Load_gitsigns",
        "Load_harpoon-nvim": "Load_harpoon-nvim",
        "Load_kmonad-vim": "Load_kmonad-vim",
        "Load_lualine": "Load_lualine",
        "Load_luasnip": "Load_luasnip",
        "Load_neodev": "Load_neodev",
        "Load_neorg": "Load_neorg",
        "Load_neorg-telescope": "Load_neorg-telescope",
        "Load_neotest": "Load_neotest",
        "Load_neotest-jest": "Load_neotest-jest",
        "Load_nvim-cmp": "Load_nvim-cmp",
        "Load_nvim-colorizer-lua": "Load_nvim-colorizer-lua",
        "Load_nvim-lint": "Load_nvim-lint",
        "Load_nvim-lspconfig": "Load_nvim-lspconfig",
        "Load_nvim-tree-lua": "Load_nvim-tree-lua",
        "Load_nvim-treesitter-textobjects": "Load_nvim-treesitter-textobjects",
        "Load_nvim-web-devicon": "Load_nvim-web-devicon",
        "Load_plenary": "Load_plenary",
        "Load_refactoring": "Load_refactoring",
        "Load_telescope": "Load_telescope",
        "Load_tokyonight": "Load_tokyonight",
        "Load_transparent-nvim": "Load_transparent-nvim",
        "Load_undotree": "Load_undotree",
        "Load_vim-be-good": "Load_vim-be-good",
        "Load_vim-fugitive": "Load_vim-fugitive",
        "Load_vim-rhubarb": "Load_vim-rhubarb",
        "Load_vim-sleuth": "Load_vim-sleuth",
        "Load_which-key": "Load_which-key",
        "flake-utils": "flake-utils",
        "nixpkgs": "nixpkgs"
      }
    },
    "systems": {
      "locked": {
        "lastModified": 1681028828,
        "narHash": "sha256-Vy1rq5AaRuLzOxct8nz4T6wlgyUR7zLU309k9mBC768=",
        "owner": "nix-systems",
        "repo": "default",
        "rev": "da67096a3b9bf56a91d16901293e51ba5b49a27e",
        "type": "github"
      },
      "original": {
        "owner": "nix-systems",
        "repo": "default",
        "type": "github"
      }
    }
  },
  "root": "root",
  "version": 7
}
