{
  "nodes": {
    "Load_cmp-buffer": {
      "flake": false,
      "locked": {
        "lastModified": 1660101488,
        "narHash": "sha256-dG4U7MtnXThoa/PD+qFtCt76MQ14V1wX8GMYcvxEnbM=",
        "owner": "hrsh7th",
        "repo": "cmp-buffer",
        "rev": "3022dbc9166796b644a841a02de8dd1cc1d311fa",
        "type": "github"
      },
      "original": {
        "owner": "hrsh7th",
        "repo": "cmp-buffer",
        "type": "github"
      }
    },
    "Load_cmp-cmdline": {
      "flake": false,
      "locked": {
        "lastModified": 1686243464,
        "narHash": "sha256-W8v/XhPjbvKSwCrfOAPihO2N9PEVnH5Cp/Fa25lNRw4=",
        "owner": "hrsh7th",
        "repo": "cmp-cmdline",
        "rev": "8ee981b4a91f536f52add291594e89fb6645e451",
        "type": "github"
      },
      "original": {
        "owner": "hrsh7th",
        "repo": "cmp-cmdline",
        "type": "github"
      }
    },
    "Load_cmp-nvim-lsp": {
      "flake": false,
      "locked": {
        "lastModified": 1702205473,
        "narHash": "sha256-/0sh9vJBD9pUuD7q3tNSQ1YLvxFMNykdg5eG+LjZAA8=",
        "owner": "hrsh7th",
        "repo": "cmp-nvim-lsp",
        "rev": "5af77f54de1b16c34b23cba810150689a3a90312",
        "type": "github"
      },
      "original": {
        "owner": "hrsh7th",
        "repo": "cmp-nvim-lsp",
        "type": "github"
      }
    },
    "Load_cmp-nvim-lua": {
      "flake": false,
      "locked": {
        "lastModified": 1681458603,
        "narHash": "sha256-6eXOK1mVK06TN1akhN42Bo4wQpeen3rk3b/m7iVmGKM=",
        "owner": "hrsh7th",
        "repo": "cmp-nvim-lua",
        "rev": "f12408bdb54c39c23e67cab726264c10db33ada8",
        "type": "github"
      },
      "original": {
        "owner": "hrsh7th",
        "repo": "cmp-nvim-lua",
        "type": "github"
      }
    },
    "Load_cmp-path": {
      "flake": false,
      "locked": {
        "lastModified": 1664784283,
        "narHash": "sha256-thppiiV3wjIaZnAXmsh7j3DUc6ceSCvGzviwFUnoPaI=",
        "owner": "hrsh7th",
        "repo": "cmp-path",
        "rev": "91ff86cd9c29299a64f968ebb45846c485725f23",
        "type": "github"
      },
      "original": {
        "owner": "hrsh7th",
        "repo": "cmp-path",
        "type": "github"
      }
    },
    "Load_cmp_luasnip": {
      "flake": false,
      "locked": {
        "lastModified": 1696878902,
        "narHash": "sha256-nUJJl2zyK/oSwz5RzI9j3gf9zpDfCImCYbPbVsyXgz8=",
        "owner": "saadparwaiz1",
        "repo": "cmp_luasnip",
        "rev": "05a9ab28b53f71d1aece421ef32fee2cb857a843",
        "type": "github"
      },
      "original": {
        "owner": "saadparwaiz1",
        "repo": "cmp_luasnip",
        "type": "github"
      }
    },
    "Load_comment": {
      "flake": false,
      "locked": {
        "lastModified": 1691409559,
        "narHash": "sha256-+dF1ZombrlO6nQggufSb0igXW5zwU++o0W/5ZA07cdc=",
        "owner": "numToStr",
        "repo": "Comment.nvim",
        "rev": "0236521ea582747b58869cb72f70ccfa967d2e89",
        "type": "github"
      },
      "original": {
        "owner": "numToStr",
        "repo": "Comment.nvim",
        "type": "github"
      }
    },
    "Load_dashboard-nvim": {
      "flake": false,
      "locked": {
        "lastModified": 1699578883,
        "narHash": "sha256-LNjYIRL5xZyLgFkoTu3K5USOfk1mtaXe5RhKBAbzYRw=",
        "owner": "nvimdev",
        "repo": "dashboard-nvim",
        "rev": "63df28409d940f9cac0a925df09d3dc369db9841",
        "type": "github"
      },
      "original": {
        "owner": "nvimdev",
        "repo": "dashboard-nvim",
        "type": "github"
      }
    },
    "Load_fidget": {
      "flake": false,
      "locked": {
        "lastModified": 1703722406,
        "narHash": "sha256-9BHEWFyFr9q0Iqw08TOXsFQgYyNBzHgK9Fqt1PqubUM=",
        "owner": "j-hui",
        "repo": "fidget.nvim",
        "rev": "a4a7edfea37e557dbff5509ee374ffb57051bba9",
        "type": "github"
      },
      "original": {
        "owner": "j-hui",
        "repo": "fidget.nvim",
        "type": "github"
      }
    },
    "Load_friendly-snippets": {
      "flake": false,
      "locked": {
        "lastModified": 1701065358,
        "narHash": "sha256-6a1JMW+iZjqopnzFhC7vMamnW2iWhMHqi1Xs45d+7x8=",
        "owner": "rafamadriz",
        "repo": "friendly-snippets",
        "rev": "53d3df271d031c405255e99410628c26a8f0d2b0",
        "type": "github"
      },
      "original": {
        "owner": "rafamadriz",
        "repo": "friendly-snippets",
        "type": "github"
      }
    },
    "Load_git-worktree": {
      "flake": false,
      "locked": {
        "lastModified": 1699392961,
        "narHash": "sha256-+RBoa1NS/W6XMhaIg3/Qw38VnL2imTQZ6bR88bZzV1c=",
        "owner": "ThePrimeagen",
        "repo": "git-worktree.nvim",
        "rev": "f247308e68dab9f1133759b05d944569ad054546",
        "type": "github"
      },
      "original": {
        "owner": "ThePrimeagen",
        "repo": "git-worktree.nvim",
        "type": "github"
      }
    },
    "Load_gitsigns": {
      "flake": false,
      "locked": {
        "lastModified": 1704454952,
        "narHash": "sha256-t1mig+r4DeO1Z/RuXYUYt0+KWmRWRKMRvG3RckYnop4=",
        "owner": "lewis6991",
        "repo": "gitsigns.nvim",
        "rev": "3e6e91b09f0468c32d3b96dcacf4b947f037ce25",
        "type": "github"
      },
      "original": {
        "owner": "lewis6991",
        "repo": "gitsigns.nvim",
        "type": "github"
      }
    },
    "Load_harpoon-nvim": {
      "flake": false,
      "locked": {
        "lastModified": 1704556148,
        "narHash": "sha256-MUIGRoaFcCqqFatfnFJpnEOUmSYJgV2+teU/NXj6kgY=",
        "owner": "ThePrimeagen",
        "repo": "harpoon",
        "rev": "2cd4e03372f7ee5692c8caa220f479ea07970f17",
        "type": "github"
      },
      "original": {
        "owner": "ThePrimeagen",
        "ref": "harpoon2",
        "repo": "harpoon",
        "type": "github"
      }
    },
    "Load_kmonad-vim": {
      "flake": false,
      "locked": {
        "lastModified": 1647812451,
        "narHash": "sha256-7PKVOsb3jvuGEnP/LsrDr96wFSQMou2dgnV+hRaI444=",
        "owner": "kmonad",
        "repo": "kmonad-vim",
        "rev": "37978445197ab00edeb5b731e9ca90c2b141723f",
        "type": "github"
      },
      "original": {
        "owner": "kmonad",
        "repo": "kmonad-vim",
        "type": "github"
      }
    },
    "Load_leap-nvim": {
      "flake": false,
      "locked": {
        "lastModified": 1704543306,
        "narHash": "sha256-NnxtSD4ZKUYqb7IixEe0EIgMjUVVtCiM9ayaLZYvF2w=",
        "owner": "ggandor",
        "repo": "leap.nvim",
        "rev": "b63f14d7474002573710d10f02f1af33a4910490",
        "type": "github"
      },
      "original": {
        "owner": "ggandor",
        "repo": "leap.nvim",
        "type": "github"
      }
    },
    "Load_lualine": {
      "flake": false,
      "locked": {
        "lastModified": 1703568994,
        "narHash": "sha256-do28EEtiu14NAroVblx8FJLCk8CVNmpm8RaTbcDHtvk=",
        "owner": "nvim-lualine",
        "repo": "lualine.nvim",
        "rev": "566b7036f717f3d676362742630518a47f132fff",
        "type": "github"
      },
      "original": {
        "owner": "nvim-lualine",
        "repo": "lualine.nvim",
        "type": "github"
      }
    },
    "Load_luasnip": {
      "flake": false,
      "locked": {
        "lastModified": 1704475445,
        "narHash": "sha256-S5TCWoZk2mBUZbnTdPx7WdlsvjEkPzkgDOBiCnhkHPI=",
        "owner": "L3MON4D3",
        "repo": "LuaSnip",
        "rev": "68153ebb03e65d8a437c6240553645c57f17cf99",
        "type": "github"
      },
      "original": {
        "owner": "L3MON4D3",
        "repo": "LuaSnip",
        "type": "github"
      }
    },
    "Load_neodev": {
      "flake": false,
      "locked": {
        "lastModified": 1704434754,
        "narHash": "sha256-guSJ809CDvzbnPyYG8ELr7LEkuX833m5TK+U0hl0hbc=",
        "owner": "folke",
        "repo": "neodev.nvim",
        "rev": "be8d4d4cab6c13c6a572269c9d6a63774baba9a0",
        "type": "github"
      },
      "original": {
        "owner": "folke",
        "repo": "neodev.nvim",
        "type": "github"
      }
    },
    "Load_neorg": {
      "flake": false,
      "locked": {
        "lastModified": 1704572758,
        "narHash": "sha256-JAk5euiSyZnYvAkkNEPB0Oxm/0wyNIAQS5i9cNERqh0=",
        "owner": "nvim-neorg",
        "repo": "neorg",
        "rev": "221bb2eb10c8d7b7f62537393a9dce385d36b638",
        "type": "github"
      },
      "original": {
        "owner": "nvim-neorg",
        "repo": "neorg",
        "type": "github"
      }
    },
    "Load_neorg-telescope": {
      "flake": false,
      "locked": {
        "lastModified": 1699802939,
        "narHash": "sha256-pgM6uEZGjC4jaqcdQwxhsgUNE/sRqJ++nX+WEvkmphY=",
        "owner": "nvim-neorg",
        "repo": "neorg-telescope",
        "rev": "6a7a677c40fa3c348924a4e2a06a513e0b34c056",
        "type": "github"
      },
      "original": {
        "owner": "nvim-neorg",
        "repo": "neorg-telescope",
        "type": "github"
      }
    },
    "Load_neotest": {
      "flake": false,
      "locked": {
        "lastModified": 1704390747,
        "narHash": "sha256-nXbpF1YhbS07Zm4pPxqv3jUfbYTeIx1bHzViY9v5B68=",
        "owner": "nvim-neotest",
        "repo": "neotest",
        "rev": "1ee3fcc150207f33dba8c9b3f478e5a0148d661d",
        "type": "github"
      },
      "original": {
        "owner": "nvim-neotest",
        "repo": "neotest",
        "type": "github"
      }
    },
    "Load_neotest-jest": {
      "flake": false,
      "locked": {
        "lastModified": 1702797275,
        "narHash": "sha256-mJ/wchmUR1R0hUETIlmSUpxT734/N0k5lm2zEDcl620=",
        "owner": "nvim-neotest",
        "repo": "neotest-jest",
        "rev": "a394106cf053eef86d65ae04c4b93a1a7bd60aef",
        "type": "github"
      },
      "original": {
        "owner": "nvim-neotest",
        "repo": "neotest-jest",
        "type": "github"
      }
    },
    "Load_nvim-cmp": {
      "flake": false,
      "locked": {
        "lastModified": 1702541213,
        "narHash": "sha256-BtAYRYn6m788zAq/mNnbAzAxp1TGf9QkRE0hSOp9sdc=",
        "owner": "hrsh7th",
        "repo": "nvim-cmp",
        "rev": "538e37ba87284942c1d76ed38dd497e54e65b891",
        "type": "github"
      },
      "original": {
        "owner": "hrsh7th",
        "repo": "nvim-cmp",
        "type": "github"
      }
    },
    "Load_nvim-colorizer-lua": {
      "flake": false,
      "locked": {
        "lastModified": 1703321305,
        "narHash": "sha256-oKvFN2K+ASlPNwj2rhptR/ErYgo6XKBPhXSZotDdCP0=",
        "owner": "nvchad",
        "repo": "nvim-colorizer.lua",
        "rev": "85855b38011114929f4058efc97af1059ab3e41d",
        "type": "github"
      },
      "original": {
        "owner": "nvchad",
        "repo": "nvim-colorizer.lua",
        "type": "github"
      }
    },
    "Load_nvim-lint": {
      "flake": false,
      "locked": {
        "lastModified": 1704390462,
        "narHash": "sha256-4xQSFjNNBLjK4LKIhMtvlsU66E6cV+zKfgQaC1UzQ9M=",
        "owner": "mfussenegger",
        "repo": "nvim-lint",
        "rev": "d44185d3e57e00c164485a454174294b36ef7067",
        "type": "github"
      },
      "original": {
        "owner": "mfussenegger",
        "repo": "nvim-lint",
        "type": "github"
      }
    },
    "Load_nvim-lspconfig": {
      "flake": false,
      "locked": {
        "lastModified": 1704517718,
        "narHash": "sha256-CsMf78TIzvB9OETUOSxj2lFPdZFnIna1keCotq8SvZw=",
        "owner": "neovim",
        "repo": "nvim-lspconfig",
        "rev": "796394fd19fb878e8dbc4fd1e9c9c186ed07a5f4",
        "type": "github"
      },
      "original": {
        "owner": "neovim",
        "repo": "nvim-lspconfig",
        "type": "github"
      }
    },
    "Load_nvim-treesitter-textobjects": {
      "flake": false,
      "locked": {
        "lastModified": 1704077900,
        "narHash": "sha256-2Kdiuos0x43Hx2hxjxpGpC1uP9c/rI0eW20XJMkz5E8=",
        "owner": "nvim-treesitter",
        "repo": "nvim-treesitter-textobjects",
        "rev": "85b9d0cbd4ff901abcda862b50dbb34e0901848b",
        "type": "github"
      },
      "original": {
        "owner": "nvim-treesitter",
        "repo": "nvim-treesitter-textobjects",
        "type": "github"
      }
    },
    "Load_nvim-ufo": {
      "flake": false,
      "locked": {
        "lastModified": 1703482770,
        "narHash": "sha256-s+97QrjZsTCvcW7MbLX2/pNmn0pFF7dii8MiwHMebjQ=",
        "owner": "kevinhwang91",
        "repo": "nvim-ufo",
        "rev": "c6d88523f574024b788f1c3400c5d5b9bb1a0407",
        "type": "github"
      },
      "original": {
        "owner": "kevinhwang91",
        "repo": "nvim-ufo",
        "type": "github"
      }
    },
    "Load_nvim-web-devicon": {
      "flake": false,
      "locked": {
        "lastModified": 1704505048,
        "narHash": "sha256-xVLj36te9JFoK461RQ/Lwt/UublQVsD4SG0BEIcmkeI=",
        "owner": "nvim-tree",
        "repo": "nvim-web-devicons",
        "rev": "db0c864375c198cacc171ff373e76bfce2a85045",
        "type": "github"
      },
      "original": {
        "owner": "nvim-tree",
        "repo": "nvim-web-devicons",
        "type": "github"
      }
    },
    "Load_oil-nvim": {
      "flake": false,
      "locked": {
        "lastModified": 1704262044,
        "narHash": "sha256-Wmw66iME4tX9eXrqbz9lnWDQq2L3T1Dcvjz1SYg5NWk=",
        "owner": "stevearc",
        "repo": "oil.nvim",
        "rev": "a128e6f75c6a71b7b9ac7ea663949a5209771cd5",
        "type": "github"
      },
      "original": {
        "owner": "stevearc",
        "repo": "oil.nvim",
        "type": "github"
      }
    },
    "Load_plenary": {
      "flake": false,
      "locked": {
        "lastModified": 1701343040,
        "narHash": "sha256-f8YVaXMG0ZyW6iotAgnftaYULnL69UPolRad6RTG27g=",
        "owner": "nvim-lua",
        "repo": "plenary.nvim",
        "rev": "55d9fe89e33efd26f532ef20223e5f9430c8b0c0",
        "type": "github"
      },
      "original": {
        "owner": "nvim-lua",
        "repo": "plenary.nvim",
        "type": "github"
      }
    },
    "Load_promise-async": {
      "flake": false,
      "locked": {
        "lastModified": 1701165213,
        "narHash": "sha256-JikpNIRxiGzBZ/0M8CBxqR6GW5pY2kOHRKrfwqDcWzU=",
        "owner": "kevinhwang91",
        "repo": "promise-async",
        "rev": "94f6f03c6c1e2aab551aacdf0c1e597a7269abb6",
        "type": "github"
      },
      "original": {
        "owner": "kevinhwang91",
        "repo": "promise-async",
        "type": "github"
      }
    },
    "Load_refactoring": {
      "flake": false,
      "locked": {
        "lastModified": 1704475545,
        "narHash": "sha256-FUHqCq41Etjij16s2t9Ni44glLpwrKWO+OeCeBGtTVk=",
        "owner": "theprimeagen",
        "repo": "refactoring.nvim",
        "rev": "28c5a33a0c489eb559396d9424b042ccfdb03b14",
        "type": "github"
      },
      "original": {
        "owner": "theprimeagen",
        "repo": "refactoring.nvim",
        "type": "github"
      }
    },
    "Load_telescope": {
      "flake": false,
      "locked": {
        "lastModified": 1704385459,
        "narHash": "sha256-ImHPPyodo/8RHOR0EyhRqIpmNo1C7i41yakEQlE9fj4=",
        "owner": "nvim-telescope",
        "repo": "telescope.nvim",
        "rev": "87e92ea31b2b61d45ad044cf7b2d9b66dad2a618",
        "type": "github"
      },
      "original": {
        "owner": "nvim-telescope",
        "repo": "telescope.nvim",
        "type": "github"
      }
    },
    "Load_tokyonight": {
      "flake": false,
      "locked": {
        "lastModified": 1698229236,
        "narHash": "sha256-axjZVZOI+WIv85FfMG+lxftDKlDIw/HzQKyJVFkL33M=",
        "owner": "folke",
        "repo": "tokyonight.nvim",
        "rev": "f247ee700b569ed43f39320413a13ba9b0aef0db",
        "type": "github"
      },
      "original": {
        "owner": "folke",
        "repo": "tokyonight.nvim",
        "type": "github"
      }
    },
    "Load_trouble-nvim": {
      "flake": false,
      "locked": {
        "lastModified": 1697626811,
        "narHash": "sha256-8nLghiueYOtWY7OGVxow9A2G/5lgt+Kt5D8q1xeJvVg=",
        "owner": "folke",
        "repo": "trouble.nvim",
        "rev": "f1168feada93c0154ede4d1fe9183bf69bac54ea",
        "type": "github"
      },
      "original": {
        "owner": "folke",
        "repo": "trouble.nvim",
        "type": "github"
      }
    },
    "Load_undotree": {
      "flake": false,
      "locked": {
        "lastModified": 1699769123,
        "narHash": "sha256-LwV4Hrp1RrwgkjJZmU8VLi6Cv7gj4biyu+Dn+R4qX+Y=",
        "owner": "mbbill",
        "repo": "undotree",
        "rev": "36ff7abb6b60980338344982ad4cdf03f7961ecd",
        "type": "github"
      },
      "original": {
        "owner": "mbbill",
        "repo": "undotree",
        "type": "github"
      }
    },
    "Load_vim-be-good": {
      "flake": false,
      "locked": {
        "lastModified": 1667916364,
        "narHash": "sha256-lJNY/5dONZLkxSEegrwtZ6PHYsgMD3nZkbxm6fFq3vY=",
        "owner": "ThePrimeagen",
        "repo": "vim-be-good",
        "rev": "c290810728a4f75e334b07dc0f3a4cdea908d351",
        "type": "github"
      },
      "original": {
        "owner": "ThePrimeagen",
        "repo": "vim-be-good",
        "type": "github"
      }
    },
    "Load_vim-fugitive": {
      "flake": false,
      "locked": {
        "lastModified": 1702682237,
        "narHash": "sha256-OxjbAaKiExx0081ALFf4FtPH2L6xbDsSDGTifYowtMA=",
        "owner": "tpope",
        "repo": "vim-fugitive",
        "rev": "59659093581aad2afacedc81f009ed6a4bfad275",
        "type": "github"
      },
      "original": {
        "owner": "tpope",
        "repo": "vim-fugitive",
        "type": "github"
      }
    },
    "Load_vim-repeat": {
      "flake": false,
      "locked": {
        "lastModified": 1611544268,
        "narHash": "sha256-8rfZa3uKXB3TRCqaDHZ6DfzNbm7WaYnLvmTNzYtnKHg=",
        "owner": "tpope",
        "repo": "vim-repeat",
        "rev": "24afe922e6a05891756ecf331f39a1f6743d3d5a",
        "type": "github"
      },
      "original": {
        "owner": "tpope",
        "repo": "vim-repeat",
        "type": "github"
      }
    },
    "Load_vim-rhubarb": {
      "flake": false,
      "locked": {
        "lastModified": 1680085333,
        "narHash": "sha256-8zeQMLzNBWmXZ5daCOmsHkw6MIwWislArYF5zDdrwOg=",
        "owner": "tpope",
        "repo": "vim-rhubarb",
        "rev": "ee69335de176d9325267b0fd2597a22901d927b1",
        "type": "github"
      },
      "original": {
        "owner": "tpope",
        "repo": "vim-rhubarb",
        "type": "github"
      }
    },
    "Load_vim-sleuth": {
      "flake": false,
      "locked": {
        "lastModified": 1673378030,
        "narHash": "sha256-ClltfSVuoNoq5EiWRVBsGz1mrr7FbafGDdgsavLgFVE=",
        "owner": "tpope",
        "repo": "vim-sleuth",
        "rev": "1cc4557420f215d02c4d2645a748a816c220e99b",
        "type": "github"
      },
      "original": {
        "owner": "tpope",
        "repo": "vim-sleuth",
        "type": "github"
      }
    },
    "flake-utils": {
      "inputs": {
        "systems": "systems"
      },
      "locked": {
        "lastModified": 1701680307,
        "narHash": "sha256-kAuep2h5ajznlPMD9rnQyffWG8EM/C73lejGofXvdM8=",
        "owner": "numtide",
        "repo": "flake-utils",
        "rev": "4022d587cbbfd70fe950c1e2083a02621806a725",
        "type": "github"
      },
      "original": {
        "owner": "numtide",
        "repo": "flake-utils",
        "type": "github"
      }
    },
    "nixpkgs": {
      "locked": {
        "lastModified": 1704194953,
        "narHash": "sha256-RtDKd8Mynhe5CFnVT8s0/0yqtWFMM9LmCzXv/YKxnq4=",
        "owner": "nixos",
        "repo": "nixpkgs",
        "rev": "bd645e8668ec6612439a9ee7e71f7eac4099d4f6",
        "type": "github"
      },
      "original": {
        "owner": "nixos",
        "ref": "nixos-unstable",
        "repo": "nixpkgs",
        "type": "github"
      }
    },
    "root": {
      "inputs": {
        "Load_cmp-buffer": "Load_cmp-buffer",
        "Load_cmp-cmdline": "Load_cmp-cmdline",
        "Load_cmp-nvim-lsp": "Load_cmp-nvim-lsp",
        "Load_cmp-nvim-lua": "Load_cmp-nvim-lua",
        "Load_cmp-path": "Load_cmp-path",
        "Load_cmp_luasnip": "Load_cmp_luasnip",
        "Load_comment": "Load_comment",
        "Load_dashboard-nvim": "Load_dashboard-nvim",
        "Load_fidget": "Load_fidget",
        "Load_friendly-snippets": "Load_friendly-snippets",
        "Load_git-worktree": "Load_git-worktree",
        "Load_gitsigns": "Load_gitsigns",
        "Load_harpoon-nvim": "Load_harpoon-nvim",
        "Load_kmonad-vim": "Load_kmonad-vim",
        "Load_leap-nvim": "Load_leap-nvim",
        "Load_lualine": "Load_lualine",
        "Load_luasnip": "Load_luasnip",
        "Load_neodev": "Load_neodev",
        "Load_neorg": "Load_neorg",
        "Load_neorg-telescope": "Load_neorg-telescope",
        "Load_neotest": "Load_neotest",
        "Load_neotest-jest": "Load_neotest-jest",
        "Load_nvim-cmp": "Load_nvim-cmp",
        "Load_nvim-colorizer-lua": "Load_nvim-colorizer-lua",
        "Load_nvim-lint": "Load_nvim-lint",
        "Load_nvim-lspconfig": "Load_nvim-lspconfig",
        "Load_nvim-treesitter-textobjects": "Load_nvim-treesitter-textobjects",
        "Load_nvim-ufo": "Load_nvim-ufo",
        "Load_nvim-web-devicon": "Load_nvim-web-devicon",
        "Load_oil-nvim": "Load_oil-nvim",
        "Load_plenary": "Load_plenary",
        "Load_promise-async": "Load_promise-async",
        "Load_refactoring": "Load_refactoring",
        "Load_telescope": "Load_telescope",
        "Load_tokyonight": "Load_tokyonight",
        "Load_trouble-nvim": "Load_trouble-nvim",
        "Load_undotree": "Load_undotree",
        "Load_vim-be-good": "Load_vim-be-good",
        "Load_vim-fugitive": "Load_vim-fugitive",
        "Load_vim-repeat": "Load_vim-repeat",
        "Load_vim-rhubarb": "Load_vim-rhubarb",
        "Load_vim-sleuth": "Load_vim-sleuth",
        "flake-utils": "flake-utils",
        "nixpkgs": "nixpkgs"
      }
    },
    "systems": {
      "locked": {
        "lastModified": 1681028828,
        "narHash": "sha256-Vy1rq5AaRuLzOxct8nz4T6wlgyUR7zLU309k9mBC768=",
        "owner": "nix-systems",
        "repo": "default",
        "rev": "da67096a3b9bf56a91d16901293e51ba5b49a27e",
        "type": "github"
      },
      "original": {
        "owner": "nix-systems",
        "repo": "default",
        "type": "github"
      }
    }
  },
  "root": "root",
  "version": 7
}
